{
  "name": "custom-datasource-config",
  "version": "1.0.0",
  "lockfileVersion": 1,
  "requires": true,
  "dependencies": {
    "data-modal": {
      "version": "github:igvteam/data-modal#49b2437dff5bcb32dd260054c1464cd6b3b66673",
      "from": "github:igvteam/data-modal#dat_custom_datasource_configurator"
    }
  }
}
